{
  "originHash" : "10e203aedac3902f56666aa1801f8014e2518f7cf7a2e7c1b975b55c87c7899f",
  "pins" : [
    {
      "identity" : "alamofire",
      "kind" : "remoteSourceControl",
      "location" : "https://github.com/Alamofire/Alamofire.git",
      "state" : {
        "revision" : "513364f870f6bfc468f9d2ff0a95caccc10044c5",
        "version" : "5.10.2"
      }
    },
    {
      "identity" : "bettersafariview",
      "kind" : "remoteSourceControl",
      "location" : "https://github.com/stleamist/BetterSafariView.git",
      "state" : {
        "branch" : "main",
        "revision" : "884533749e55949b2566030948c6fdbe2873ed0c"
      }
    }
  ],
  "version" : 3
}
